
Microsoft Visual Studio Solution File, Format Version 12.00
# Visual Studio Version 17
VisualStudioVersion = 17.3.32811.315
MinimumVisualStudioVersion = 10.0.40219.1
Project("{FAE04EC0-301F-11D3-BF4B-00C04F79EFBC}") = "logic-traning-lib", "logic-traning-lib\logic-traning-lib.csproj", "{15944357-4BD5-4C10-BD84-B3CC1037B110}"
EndProject
Global
	GlobalSection(SolutionConfigurationPlatforms) = preSolution
		Debug|Any CPU = Debug|Any CPU
		Release|Any CPU = Release|Any CPU
	EndGlobalSection
	GlobalSection(ProjectConfigurationPlatforms) = postSolution
		{15944357-4BD5-4C10-BD84-B3CC1037B110}.Debug|Any CPU.ActiveCfg = Debug|Any CPU
		{15944357-4BD5-4C10-BD84-B3CC1037B110}.Debug|Any CPU.Build.0 = Debug|Any CPU
		{15944357-4BD5-4C10-BD84-B3CC1037B110}.Release|Any CPU.ActiveCfg = Release|Any CPU
		{15944357-4BD5-4C10-BD84-B3CC1037B110}.Release|Any CPU.Build.0 = Release|Any CPU
	EndGlobalSection
	GlobalSection(SolutionProperties) = preSolution
		HideSolutionNode = FALSE
	EndGlobalSection
	GlobalSection(ExtensibilityGlobals) = postSolution
		SolutionGuid = {231A7868-BEB7-46AA-899F-D23D909D19FF}
	EndGlobalSection
EndGlobal
